%{"certifi": {:hex, :certifi, "0.4.0", "a7966efb868b179023618d29a407548f70c52466bf1849b9e8ebd0e34b7ea11f", [:rebar3], []},
  "chatterbox": {:git, "https://github.com/joedevivo/chatterbox.git", "d347e59a30a18cf45188933e47ddfe7c8b1fef29", []},
  "cowlib": {:git, "https://github.com/ninenines/cowlib.git", "1fa875f734f51a70ae1581952b00d56662bae1b0", [ref: "1fa875f"]},
  "dogma": {:hex, :dogma, "0.1.8", "1ee856ed64f3ad635a4b2127beea427ea1b9bc271b8731679a97938e1827730f", [:mix], [{:poison, ">= 1.0.0", [hex: :poison, optional: false]}]},
  "earmark": {:hex, :earmark, "1.0.1", "2c2cd903bfdc3de3f189bd9a8d4569a075b88a8981ded9a0d95672f6e2b63141", [:mix], []},
  "ex_doc": {:hex, :ex_doc, "0.14.1", "bfed8d4e93c755e2b150be925ad2cfa6af7c3bfcacc3b609f45f6048c9d623d6", [:mix], [{:earmark, "~> 1.0", [hex: :earmark, optional: false]}]},
  "excoveralls": {:hex, :excoveralls, "0.5.6", "35a903f6f78619ee7f951448dddfbef094b3a0d8581657afaf66465bc930468e", [:mix], [{:exjsx, "~> 3.0", [hex: :exjsx, optional: false]}, {:hackney, ">= 0.12.0", [hex: :hackney, optional: false]}]},
  "exjsx": {:hex, :exjsx, "3.2.0", "7136cc739ace295fc74c378f33699e5145bead4fdc1b4799822d0287489136fb", [:mix], [{:jsx, "~> 2.6.2", [hex: :jsx, optional: false]}]},
  "goldrush": {:git, "git://github.com/DeadZen/goldrush.git", "212299233c7e7eb63a97be2777e1c05ebaa58dbe", [tag: "0.1.8"]},
  "gun": {:git, "https://github.com/ninenines/gun.git", "23fc8e2a89058d2f96ff64c0bc0dff637662995c", [ref: "23fc8e2"]},
  "hackney": {:hex, :hackney, "1.6.1", "ddd22d42db2b50e6a155439c8811b8f6df61a4395de10509714ad2751c6da817", [:rebar3], [{:certifi, "0.4.0", [hex: :certifi, optional: false]}, {:idna, "1.2.0", [hex: :idna, optional: false]}, {:metrics, "1.0.1", [hex: :metrics, optional: false]}, {:mimerl, "1.0.2", [hex: :mimerl, optional: false]}, {:ssl_verify_fun, "1.1.0", [hex: :ssl_verify_fun, optional: false]}]},
  "hpack": {:git, "git://github.com/joedevivo/hpack.git", "d711219128c53a165956d0184099bd661899f947", [branch: "master"]},
  "httpoison": {:hex, :httpoison, "0.9.2", "a211a8e87403a043c41218e64df250d321f236ac57f786c6a0ccf3e9e817c819", [:mix], [{:hackney, "~> 1.6.0", [hex: :hackney, optional: false]}]},
  "idna": {:hex, :idna, "1.2.0", "ac62ee99da068f43c50dc69acf700e03a62a348360126260e87f2b54eced86b2", [:rebar3], []},
  "jsx": {:hex, :jsx, "2.6.2", "213721e058da0587a4bce3cc8a00ff6684ced229c8f9223245c6ff2c88fbaa5a", [:mix, :rebar], []},
  "lager": {:git, "git://github.com/basho/lager.git", "1c42c3bffbab49b0f06c9a916b00ca4911ae6a2f", [tag: "2.2.3"]},
  "metrics": {:hex, :metrics, "1.0.1", "25f094dea2cda98213cecc3aeff09e940299d950904393b2a29d191c346a8486", [:rebar3], []},
  "mimerl": {:hex, :mimerl, "1.0.2", "993f9b0e084083405ed8252b99460c4f0563e41729ab42d9074fd5e52439be88", [:rebar3], []},
  "poison": {:hex, :poison, "3.0.0", "625ebd64d33ae2e65201c2c14d6c85c27cc8b68f2d0dd37828fde9c6920dd131", [:mix], []},
  "ranch": {:git, "https://github.com/extend/ranch.git", "ad8c04cb721fe911db7c23b6a0d51d4d5dba82af", [ref: "master"]},
  "ssl_verify_fun": {:hex, :ssl_verify_fun, "1.1.0", "edee20847c42e379bf91261db474ffbe373f8acb56e9079acb6038d4e0bf414f", [:rebar, :make], []}}
